// !$*UTF8*$!
{
	archiveVersion = 1;
	classes = {
	};
	objectVersion = 55;
	objects = {

/* Begin PBXBuildFile section */
		3494582428CA477C003383CF /* AppDelegate.swift in Sources */ = {isa = PBXBuildFile; fileRef = 3494582328CA477C003383CF /* AppDelegate.swift */; };
		3494582628CA477C003383CF /* SceneDelegate.swift in Sources */ = {isa = PBXBuildFile; fileRef = 3494582528CA477C003383CF /* SceneDelegate.swift */; };
		3494582828CA477C003383CF /* CourseViewController.swift in Sources */ = {isa = PBXBuildFile; fileRef = 3494582728CA477C003383CF /* CourseViewController.swift */; };
		3494582B28CA477C003383CF /* Main.storyboard in Resources */ = {isa = PBXBuildFile; fileRef = 3494582928CA477C003383CF /* Main.storyboard */; };
		3494582D28CA477D003383CF /* Assets.xcassets in Resources */ = {isa = PBXBuildFile; fileRef = 3494582C28CA477D003383CF /* Assets.xcassets */; };
		3494583028CA477D003383CF /* LaunchScreen.storyboard in Resources */ = {isa = PBXBuildFile; fileRef = 3494582E28CA477D003383CF /* LaunchScreen.storyboard */; };
		3494583828CA490C003383CF /* GoogleService-Info.plist in Resources */ = {isa = PBXBuildFile; fileRef = 3494583728CA490C003383CF /* GoogleService-Info.plist */; };
		A26C81CD28CCDF980074E5FA /* DetailsViewController.swift in Sources */ = {isa = PBXBuildFile; fileRef = A26C81CC28CCDF980074E5FA /* DetailsViewController.swift */; };
		A26C81D328CDAA170074E5FA /* profileController.swift in Sources */ = {isa = PBXBuildFile; fileRef = A26C81D228CDAA170074E5FA /* profileController.swift */; };
		A26C81D928CDBF8E0074E5FA /* Global.swift in Sources */ = {isa = PBXBuildFile; fileRef = A26C81D828CDBF8E0074E5FA /* Global.swift */; };
		A26C81DB28CDCE050074E5FA /* Untitled design (4).png in Resources */ = {isa = PBXBuildFile; fileRef = A26C81DA28CDCE050074E5FA /* Untitled design (4).png */; };
		A26C81DD28CDCF450074E5FA /* Untitled design (4) copy.png in Resources */ = {isa = PBXBuildFile; fileRef = A26C81DC28CDCF440074E5FA /* Untitled design (4) copy.png */; };
		A26C81DF28CDCFE00074E5FA /* Untitled design (4) copy 2.png in Resources */ = {isa = PBXBuildFile; fileRef = A26C81DE28CDCFE00074E5FA /* Untitled design (4) copy 2.png */; };
		A26C81E128CE07D30074E5FA /* Untitled_design__4__copy_3-removebg-preview.png in Resources */ = {isa = PBXBuildFile; fileRef = A26C81E028CE07D30074E5FA /* Untitled_design__4__copy_3-removebg-preview.png */; };
		A28E041A28D0C670005065D9 /* loginController.swift in Sources */ = {isa = PBXBuildFile; fileRef = A28E041928D0C670005065D9 /* loginController.swift */; };
		A28E041C28D0D0D3005065D9 /* 3596121.png in Resources */ = {isa = PBXBuildFile; fileRef = A28E041B28D0D0D2005065D9 /* 3596121.png */; };
		A2F2505428CE707400FCEA7A /* Untitled_design__4__copy_3-removebg-preview-removebg-preview 2.png in Resources */ = {isa = PBXBuildFile; fileRef = A2F2505328CE707400FCEA7A /* Untitled_design__4__copy_3-removebg-preview-removebg-preview 2.png */; };
		AE6AD7E219EE7EEE36017EC3 /* Pods_AttendlyApp.framework in Frameworks */ = {isa = PBXBuildFile; fileRef = 950B2AFA934967E87F1393F0 /* Pods_AttendlyApp.framework */; };
/* End PBXBuildFile section */

/* Begin PBXFileReference section */
		3494582028CA477C003383CF /* AttendlyApp.app */ = {isa = PBXFileReference; explicitFileType = wrapper.application; includeInIndex = 0; path = AttendlyApp.app; sourceTree = BUILT_PRODUCTS_DIR; };
		3494582328CA477C003383CF /* AppDelegate.swift */ = {isa = PBXFileReference; lastKnownFileType = sourcecode.swift; path = AppDelegate.swift; sourceTree = "<group>"; };
		3494582528CA477C003383CF /* SceneDelegate.swift */ = {isa = PBXFileReference; lastKnownFileType = sourcecode.swift; path = SceneDelegate.swift; sourceTree = "<group>"; };
		3494582728CA477C003383CF /* CourseViewController.swift */ = {isa = PBXFileReference; lastKnownFileType = sourcecode.swift; path = CourseViewController.swift; sourceTree = "<group>"; };
		3494582A28CA477C003383CF /* Base */ = {isa = PBXFileReference; lastKnownFileType = file.storyboard; name = Base; path = Base.lproj/Main.storyboard; sourceTree = "<group>"; };
		3494582C28CA477D003383CF /* Assets.xcassets */ = {isa = PBXFileReference; lastKnownFileType = folder.assetcatalog; path = Assets.xcassets; sourceTree = "<group>"; };
		3494582F28CA477D003383CF /* Base */ = {isa = PBXFileReference; lastKnownFileType = file.storyboard; name = Base; path = Base.lproj/LaunchScreen.storyboard; sourceTree = "<group>"; };
		3494583128CA477D003383CF /* Info.plist */ = {isa = PBXFileReference; lastKnownFileType = text.plist.xml; path = Info.plist; sourceTree = "<group>"; };
		3494583728CA490C003383CF /* GoogleService-Info.plist */ = {isa = PBXFileReference; fileEncoding = 4; lastKnownFileType = text.plist.xml; path = "GoogleService-Info.plist"; sourceTree = "<group>"; };
		950B2AFA934967E87F1393F0 /* Pods_AttendlyApp.framework */ = {isa = PBXFileReference; explicitFileType = wrapper.framework; includeInIndex = 0; path = Pods_AttendlyApp.framework; sourceTree = BUILT_PRODUCTS_DIR; };
		A26C81CC28CCDF980074E5FA /* DetailsViewController.swift */ = {isa = PBXFileReference; lastKnownFileType = sourcecode.swift; path = DetailsViewController.swift; sourceTree = "<group>"; };
		A26C81D228CDAA170074E5FA /* profileController.swift */ = {isa = PBXFileReference; lastKnownFileType = sourcecode.swift; path = profileController.swift; sourceTree = "<group>"; };
		A26C81D828CDBF8E0074E5FA /* Global.swift */ = {isa = PBXFileReference; lastKnownFileType = sourcecode.swift; path = Global.swift; sourceTree = "<group>"; };
		A26C81DA28CDCE050074E5FA /* Untitled design (4).png */ = {isa = PBXFileReference; lastKnownFileType = image.png; name = "Untitled design (4).png"; path = "../../Untitled design (4).png"; sourceTree = "<group>"; };
		A26C81DC28CDCF440074E5FA /* Untitled design (4) copy.png */ = {isa = PBXFileReference; lastKnownFileType = image.png; name = "Untitled design (4) copy.png"; path = "../../Untitled design (4) copy.png"; sourceTree = "<group>"; };
		A26C81DE28CDCFE00074E5FA /* Untitled design (4) copy 2.png */ = {isa = PBXFileReference; lastKnownFileType = image.png; name = "Untitled design (4) copy 2.png"; path = "../../Untitled design (4) copy 2.png"; sourceTree = "<group>"; };
		A26C81E028CE07D30074E5FA /* Untitled_design__4__copy_3-removebg-preview.png */ = {isa = PBXFileReference; lastKnownFileType = image.png; name = "Untitled_design__4__copy_3-removebg-preview.png"; path = "../../Untitled_design__4__copy_3-removebg-preview.png"; sourceTree = "<group>"; };
		A28E041928D0C670005065D9 /* loginController.swift */ = {isa = PBXFileReference; lastKnownFileType = sourcecode.swift; path = loginController.swift; sourceTree = "<group>"; };
		A28E041B28D0D0D2005065D9 /* 3596121.png */ = {isa = PBXFileReference; lastKnownFileType = image.png; name = 3596121.png; path = ../../3596121.png; sourceTree = "<group>"; };
		A2F2505328CE707400FCEA7A /* Untitled_design__4__copy_3-removebg-preview-removebg-preview 2.png */ = {isa = PBXFileReference; lastKnownFileType = image.png; name = "Untitled_design__4__copy_3-removebg-preview-removebg-preview 2.png"; path = "../../Untitled_design__4__copy_3-removebg-preview-removebg-preview 2.png"; sourceTree = "<group>"; };
		BFE8D1356E8E702E9C4488D7 /* Pods-AttendlyApp.debug.xcconfig */ = {isa = PBXFileReference; includeInIndex = 1; lastKnownFileType = text.xcconfig; name = "Pods-AttendlyApp.debug.xcconfig"; path = "Target Support Files/Pods-AttendlyApp/Pods-AttendlyApp.debug.xcconfig"; sourceTree = "<group>"; };
		F0C8B0DD426833EF6B748EB9 /* Pods-AttendlyApp.release.xcconfig */ = {isa = PBXFileReference; includeInIndex = 1; lastKnownFileType = text.xcconfig; name = "Pods-AttendlyApp.release.xcconfig"; path = "Target Support Files/Pods-AttendlyApp/Pods-AttendlyApp.release.xcconfig"; sourceTree = "<group>"; };
/* End PBXFileReference section */

/* Begin PBXFrameworksBuildPhase section */
		3494581D28CA477C003383CF /* Frameworks */ = {
			isa = PBXFrameworksBuildPhase;
			buildActionMask = 2147483647;
			files = (
				AE6AD7E219EE7EEE36017EC3 /* Pods_AttendlyApp.framework in Frameworks */,
			);
			runOnlyForDeploymentPostprocessing = 0;
		};
/* End PBXFrameworksBuildPhase section */

/* Begin PBXGroup section */
		3494581728CA477C003383CF = {
			isa = PBXGroup;
			children = (
				3494582228CA477C003383CF /* AttendlyApp */,
				3494582128CA477C003383CF /* Products */,
				455C1F2D487DF25DE9A96CC9 /* Pods */,
				6D55AA1370B5EC383FF1EC00 /* Frameworks */,
			);
			sourceTree = "<group>";
		};
		3494582128CA477C003383CF /* Products */ = {
			isa = PBXGroup;
			children = (
				3494582028CA477C003383CF /* AttendlyApp.app */,
			);
			name = Products;
			sourceTree = "<group>";
		};
		3494582228CA477C003383CF /* AttendlyApp */ = {
			isa = PBXGroup;
			children = (
				3494582328CA477C003383CF /* AppDelegate.swift */,
				3494582528CA477C003383CF /* SceneDelegate.swift */,
				3494582728CA477C003383CF /* CourseViewController.swift */,
				A26C81CC28CCDF980074E5FA /* DetailsViewController.swift */,
				3494582928CA477C003383CF /* Main.storyboard */,
				A26C81D228CDAA170074E5FA /* profileController.swift */,
				A28E041928D0C670005065D9 /* loginController.swift */,
				3494582C28CA477D003383CF /* Assets.xcassets */,
				A28E041B28D0D0D2005065D9 /* 3596121.png */,
				A2F2505328CE707400FCEA7A /* Untitled_design__4__copy_3-removebg-preview-removebg-preview 2.png */,
				A26C81E028CE07D30074E5FA /* Untitled_design__4__copy_3-removebg-preview.png */,
				A26C81DE28CDCFE00074E5FA /* Untitled design (4) copy 2.png */,
				A26C81DC28CDCF440074E5FA /* Untitled design (4) copy.png */,
				A26C81DA28CDCE050074E5FA /* Untitled design (4).png */,
				3494582E28CA477D003383CF /* LaunchScreen.storyboard */,
				3494583128CA477D003383CF /* Info.plist */,
				A26C81D828CDBF8E0074E5FA /* Global.swift */,
				3494583728CA490C003383CF /* GoogleService-Info.plist */,
			);
			path = AttendlyApp;
			sourceTree = "<group>";
		};
		455C1F2D487DF25DE9A96CC9 /* Pods */ = {
			isa = PBXGroup;
			children = (
				BFE8D1356E8E702E9C4488D7 /* Pods-AttendlyApp.debug.xcconfig */,
				F0C8B0DD426833EF6B748EB9 /* Pods-AttendlyApp.release.xcconfig */,
			);
			path = Pods;
			sourceTree = "<group>";
		};
		6D55AA1370B5EC383FF1EC00 /* Frameworks */ = {
			isa = PBXGroup;
			children = (
				950B2AFA934967E87F1393F0 /* Pods_AttendlyApp.framework */,
			);
			name = Frameworks;
			sourceTree = "<group>";
		};
/* End PBXGroup section */

/* Begin PBXNativeTarget section */
		3494581F28CA477C003383CF /* AttendlyApp */ = {
			isa = PBXNativeTarget;
			buildConfigurationList = 3494583428CA477D003383CF /* Build configuration list for PBXNativeTarget "AttendlyApp" */;
			buildPhases = (
				B10A7DA1C941B4AF560B0223 /* [CP] Check Pods Manifest.lock */,
				3494581C28CA477C003383CF /* Sources */,
				3494581D28CA477C003383CF /* Frameworks */,
				3494581E28CA477C003383CF /* Resources */,
				FBD72AAFD4AB3BC7F2CE149F /* [CP] Embed Pods Frameworks */,
			);
			buildRules = (
			);
			dependencies = (
			);
			name = AttendlyApp;
			productName = AttendlyApp;
			productReference = 3494582028CA477C003383CF /* AttendlyApp.app */;
			productType = "com.apple.product-type.application";
		};
/* End PBXNativeTarget section */

/* Begin PBXProject section */
		3494581828CA477C003383CF /* Project object */ = {
			isa = PBXProject;
			attributes = {
				BuildIndependentTargetsInParallel = 1;
				LastSwiftUpdateCheck = 1340;
				LastUpgradeCheck = 1340;
				TargetAttributes = {
					3494581F28CA477C003383CF = {
						CreatedOnToolsVersion = 13.4.1;
					};
				};
			};
			buildConfigurationList = 3494581B28CA477C003383CF /* Build configuration list for PBXProject "AttendlyApp" */;
			compatibilityVersion = "Xcode 13.0";
			developmentRegion = en;
			hasScannedForEncodings = 0;
			knownRegions = (
				en,
				Base,
			);
			mainGroup = 3494581728CA477C003383CF;
			productRefGroup = 3494582128CA477C003383CF /* Products */;
			projectDirPath = "";
			projectRoot = "";
			targets = (
				3494581F28CA477C003383CF /* AttendlyApp */,
			);
		};
/* End PBXProject section */

/* Begin PBXResourcesBuildPhase section */
		3494581E28CA477C003383CF /* Resources */ = {
			isa = PBXResourcesBuildPhase;
			buildActionMask = 2147483647;
			files = (
				A26C81DD28CDCF450074E5FA /* Untitled design (4) copy.png in Resources */,
				3494583028CA477D003383CF /* LaunchScreen.storyboard in Resources */,
				A26C81DB28CDCE050074E5FA /* Untitled design (4).png in Resources */,
				3494583828CA490C003383CF /* GoogleService-Info.plist in Resources */,
				A26C81E128CE07D30074E5FA /* Untitled_design__4__copy_3-removebg-preview.png in Resources */,
				A28E041C28D0D0D3005065D9 /* 3596121.png in Resources */,
				3494582D28CA477D003383CF /* Assets.xcassets in Resources */,
				3494582B28CA477C003383CF /* Main.storyboard in Resources */,
				A26C81DF28CDCFE00074E5FA /* Untitled design (4) copy 2.png in Resources */,
				A2F2505428CE707400FCEA7A /* Untitled_design__4__copy_3-removebg-preview-removebg-preview 2.png in Resources */,
			);
			runOnlyForDeploymentPostprocessing = 0;
		};
/* End PBXResourcesBuildPhase section */

/* Begin PBXShellScriptBuildPhase section */
		B10A7DA1C941B4AF560B0223 /* [CP] Check Pods Manifest.lock */ = {
			isa = PBXShellScriptBuildPhase;
			buildActionMask = 2147483647;
			files = (
			);
			inputFileListPaths = (
			);
			inputPaths = (
				"${PODS_PODFILE_DIR_PATH}/Podfile.lock",
				"${PODS_ROOT}/Manifest.lock",
			);
			name = "[CP] Check Pods Manifest.lock";
			outputFileListPaths = (
			);
			outputPaths = (
				"$(DERIVED_FILE_DIR)/Pods-AttendlyApp-checkManifestLockResult.txt",
			);
			runOnlyForDeploymentPostprocessing = 0;
			shellPath = /bin/sh;
			shellScript = "diff \"${PODS_PODFILE_DIR_PATH}/Podfile.lock\" \"${PODS_ROOT}/Manifest.lock\" > /dev/null\nif [ $? != 0 ] ; then\n    # print error to STDERR\n    echo \"error: The sandbox is not in sync with the Podfile.lock. Run 'pod install' or update your CocoaPods installation.\" >&2\n    exit 1\nfi\n# This output is used by Xcode 'outputs' to avoid re-running this script phase.\necho \"SUCCESS\" > \"${SCRIPT_OUTPUT_FILE_0}\"\n";
			showEnvVarsInLog = 0;
		};
		FBD72AAFD4AB3BC7F2CE149F /* [CP] Embed Pods Frameworks */ = {
			isa = PBXShellScriptBuildPhase;
			buildActionMask = 2147483647;
			files = (
			);
			inputFileListPaths = (
				"${PODS_ROOT}/Target Support Files/Pods-AttendlyApp/Pods-AttendlyApp-frameworks-${CONFIGURATION}-input-files.xcfilelist",
			);
			name = "[CP] Embed Pods Frameworks";
			outputFileListPaths = (
				"${PODS_ROOT}/Target Support Files/Pods-AttendlyApp/Pods-AttendlyApp-frameworks-${CONFIGURATION}-output-files.xcfilelist",
			);
			runOnlyForDeploymentPostprocessing = 0;
			shellPath = /bin/sh;
			shellScript = "\"${PODS_ROOT}/Target Support Files/Pods-AttendlyApp/Pods-AttendlyApp-frameworks.sh\"\n";
			showEnvVarsInLog = 0;
		};
/* End PBXShellScriptBuildPhase section */

/* Begin PBXSourcesBuildPhase section */
		3494581C28CA477C003383CF /* Sources */ = {
			isa = PBXSourcesBuildPhase;
			buildActionMask = 2147483647;
			files = (
				3494582828CA477C003383CF /* CourseViewController.swift in Sources */,
				3494582428CA477C003383CF /* AppDelegate.swift in Sources */,
				A26C81D328CDAA170074E5FA /* profileController.swift in Sources */,
				3494582628CA477C003383CF /* SceneDelegate.swift in Sources */,
				A26C81CD28CCDF980074E5FA /* DetailsViewController.swift in Sources */,
				A28E041A28D0C670005065D9 /* loginController.swift in Sources */,
				A26C81D928CDBF8E0074E5FA /* Global.swift in Sources */,
			);
			runOnlyForDeploymentPostprocessing = 0;
		};
/* End PBXSourcesBuildPhase section */

/* Begin PBXVariantGroup section */
		3494582928CA477C003383CF /* Main.storyboard */ = {
			isa = PBXVariantGroup;
			children = (
				3494582A28CA477C003383CF /* Base */,
			);
			name = Main.storyboard;
			sourceTree = "<group>";
		};
		3494582E28CA477D003383CF /* LaunchScreen.storyboard */ = {
			isa = PBXVariantGroup;
			children = (
				3494582F28CA477D003383CF /* Base */,
			);
			name = LaunchScreen.storyboard;
			sourceTree = "<group>";
		};
/* End PBXVariantGroup section */

/* Begin XCBuildConfiguration section */
		3494583228CA477D003383CF /* Debug */ = {
			isa = XCBuildConfiguration;
			buildSettings = {
				ALWAYS_SEARCH_USER_PATHS = NO;
				CLANG_ANALYZER_NONNULL = YES;
				CLANG_ANALYZER_NUMBER_OBJECT_CONVERSION = YES_AGGRESSIVE;
				CLANG_CXX_LANGUAGE_STANDARD = "gnu++17";
				CLANG_ENABLE_MODULES = YES;
				CLANG_ENABLE_OBJC_ARC = YES;
				CLANG_ENABLE_OBJC_WEAK = YES;
				CLANG_WARN_BLOCK_CAPTURE_AUTORELEASING = YES;
				CLANG_WARN_BOOL_CONVERSION = YES;
				CLANG_WARN_COMMA = YES;
				CLANG_WARN_CONSTANT_CONVERSION = YES;
				CLANG_WARN_DEPRECATED_OBJC_IMPLEMENTATIONS = YES;
				CLANG_WARN_DIRECT_OBJC_ISA_USAGE = YES_ERROR;
				CLANG_WARN_DOCUMENTATION_COMMENTS = YES;
				CLANG_WARN_EMPTY_BODY = YES;
				CLANG_WARN_ENUM_CONVERSION = YES;
				CLANG_WARN_INFINITE_RECURSION = YES;
				CLANG_WARN_INT_CONVERSION = YES;
				CLANG_WARN_NON_LITERAL_NULL_CONVERSION = YES;
				CLANG_WARN_OBJC_IMPLICIT_RETAIN_SELF = YES;
				CLANG_WARN_OBJC_LITERAL_CONVERSION = YES;
				CLANG_WARN_OBJC_ROOT_CLASS = YES_ERROR;
				CLANG_WARN_QUOTED_INCLUDE_IN_FRAMEWORK_HEADER = YES;
				CLANG_WARN_RANGE_LOOP_ANALYSIS = YES;
				CLANG_WARN_STRICT_PROTOTYPES = YES;
				CLANG_WARN_SUSPICIOUS_MOVE = YES;
				CLANG_WARN_UNGUARDED_AVAILABILITY = YES_AGGRESSIVE;
				CLANG_WARN_UNREACHABLE_CODE = YES;
				CLANG_WARN__DUPLICATE_METHOD_MATCH = YES;
				COPY_PHASE_STRIP = NO;
				DEBUG_INFORMATION_FORMAT = dwarf;
				ENABLE_STRICT_OBJC_MSGSEND = YES;
				ENABLE_TESTABILITY = YES;
				GCC_C_LANGUAGE_STANDARD = gnu11;
				GCC_DYNAMIC_NO_PIC = NO;
				GCC_NO_COMMON_BLOCKS = YES;
				GCC_OPTIMIZATION_LEVEL = 0;
				GCC_PREPROCESSOR_DEFINITIONS = (
					"DEBUG=1",
					"$(inherited)",
				);
				GCC_WARN_64_TO_32_BIT_CONVERSION = YES;
				GCC_WARN_ABOUT_RETURN_TYPE = YES_ERROR;
				GCC_WARN_UNDECLARED_SELECTOR = YES;
				GCC_WARN_UNINITIALIZED_AUTOS = YES_AGGRESSIVE;
				GCC_WARN_UNUSED_FUNCTION = YES;
				GCC_WARN_UNUSED_VARIABLE = YES;
				IPHONEOS_DEPLOYMENT_TARGET = 15.5;
				MTL_ENABLE_DEBUG_INFO = INCLUDE_SOURCE;
				MTL_FAST_MATH = YES;
				ONLY_ACTIVE_ARCH = YES;
				SDKROOT = iphoneos;
				SWIFT_ACTIVE_COMPILATION_CONDITIONS = DEBUG;
				SWIFT_OPTIMIZATION_LEVEL = "-Onone";
			};
			name = Debug;
		};
		3494583328CA477D003383CF /* Release */ = {
			isa = XCBuildConfiguration;
			buildSettings = {
				ALWAYS_SEARCH_USER_PATHS = NO;
				CLANG_ANALYZER_NONNULL = YES;
				CLANG_ANALYZER_NUMBER_OBJECT_CONVERSION = YES_AGGRESSIVE;
				CLANG_CXX_LANGUAGE_STANDARD = "gnu++17";
				CLANG_ENABLE_MODULES = YES;
				CLANG_ENABLE_OBJC_ARC = YES;
				CLANG_ENABLE_OBJC_WEAK = YES;
				CLANG_WARN_BLOCK_CAPTURE_AUTORELEASING = YES;
				CLANG_WARN_BOOL_CONVERSION = YES;
				CLANG_WARN_COMMA = YES;
				CLANG_WARN_CONSTANT_CONVERSION = YES;
				CLANG_WARN_DEPRECATED_OBJC_IMPLEMENTATIONS = YES;
				CLANG_WARN_DIRECT_OBJC_ISA_USAGE = YES_ERROR;
				CLANG_WARN_DOCUMENTATION_COMMENTS = YES;
				CLANG_WARN_EMPTY_BODY = YES;
				CLANG_WARN_ENUM_CONVERSION = YES;
				CLANG_WARN_INFINITE_RECURSION = YES;
				CLANG_WARN_INT_CONVERSION = YES;
				CLANG_WARN_NON_LITERAL_NULL_CONVERSION = YES;
				CLANG_WARN_OBJC_IMPLICIT_RETAIN_SELF = YES;
				CLANG_WARN_OBJC_LITERAL_CONVERSION = YES;
				CLANG_WARN_OBJC_ROOT_CLASS = YES_ERROR;
				CLANG_WARN_QUOTED_INCLUDE_IN_FRAMEWORK_HEADER = YES;
				CLANG_WARN_RANGE_LOOP_ANALYSIS = YES;
				CLANG_WARN_STRICT_PROTOTYPES = YES;
				CLANG_WARN_SUSPICIOUS_MOVE = YES;
				CLANG_WARN_UNGUARDED_AVAILABILITY = YES_AGGRESSIVE;
				CLANG_WARN_UNREACHABLE_CODE = YES;
				CLANG_WARN__DUPLICATE_METHOD_MATCH = YES;
				COPY_PHASE_STRIP = NO;
				DEBUG_INFORMATION_FORMAT = "dwarf-with-dsym";
				ENABLE_NS_ASSERTIONS = NO;
				ENABLE_STRICT_OBJC_MSGSEND = YES;
				GCC_C_LANGUAGE_STANDARD = gnu11;
				GCC_NO_COMMON_BLOCKS = YES;
				GCC_WARN_64_TO_32_BIT_CONVERSION = YES;
				GCC_WARN_ABOUT_RETURN_TYPE = YES_ERROR;
				GCC_WARN_UNDECLARED_SELECTOR = YES;
				GCC_WARN_UNINITIALIZED_AUTOS = YES_AGGRESSIVE;
				GCC_WARN_UNUSED_FUNCTION = YES;
				GCC_WARN_UNUSED_VARIABLE = YES;
				IPHONEOS_DEPLOYMENT_TARGET = 15.5;
				MTL_ENABLE_DEBUG_INFO = NO;
				MTL_FAST_MATH = YES;
				SDKROOT = iphoneos;
				SWIFT_COMPILATION_MODE = wholemodule;
				SWIFT_OPTIMIZATION_LEVEL = "-O";
				VALIDATE_PRODUCT = YES;
			};
			name = Release;
		};
		3494583528CA477D003383CF /* Debug */ = {
			isa = XCBuildConfiguration;
			baseConfigurationReference = BFE8D1356E8E702E9C4488D7 /* Pods-AttendlyApp.debug.xcconfig */;
			buildSettings = {
				ASSETCATALOG_COMPILER_APPICON_NAME = AppIcon;
				ASSETCATALOG_COMPILER_GLOBAL_ACCENT_COLOR_NAME = AccentColor;
				CODE_SIGN_STYLE = Automatic;
				CURRENT_PROJECT_VERSION = 1;
				DEVELOPMENT_TEAM = NM26W3U2D9;
				GENERATE_INFOPLIST_FILE = YES;
				INFOPLIST_FILE = AttendlyApp/Info.plist;
				INFOPLIST_KEY_UIApplicationSupportsIndirectInputEvents = YES;
				INFOPLIST_KEY_UILaunchStoryboardName = LaunchScreen;
				INFOPLIST_KEY_UIMainStoryboardFile = Main;
				INFOPLIST_KEY_UISupportedInterfaceOrientations_iPad = "UIInterfaceOrientationPortrait UIInterfaceOrientationPortraitUpsideDown UIInterfaceOrientationLandscapeLeft UIInterfaceOrientationLandscapeRight";
				INFOPLIST_KEY_UISupportedInterfaceOrientations_iPhone = "UIInterfaceOrientationPortrait UIInterfaceOrientationLandscapeLeft UIInterfaceOrientationLandscapeRight";
				LD_RUNPATH_SEARCH_PATHS = (
					"$(inherited)",
					"@executable_path/Frameworks",
				);
				MARKETING_VERSION = 1.0;
				PRODUCT_BUNDLE_IDENTIFIER = shamma.AttendlyApp;
				PRODUCT_NAME = "$(TARGET_NAME)";
				SWIFT_EMIT_LOC_STRINGS = YES;
				SWIFT_VERSION = 5.0;
				TARGETED_DEVICE_FAMILY = "1,2";
			};
			name = Debug;
		};
		3494583628CA477D003383CF /* Release */ = {
			isa = XCBuildConfiguration;
			baseConfigurationReference = F0C8B0DD426833EF6B748EB9 /* Pods-AttendlyApp.release.xcconfig */;
			buildSettings = {
				ASSETCATALOG_COMPILER_APPICON_NAME = AppIcon;
				ASSETCATALOG_COMPILER_GLOBAL_ACCENT_COLOR_NAME = AccentColor;
				CODE_SIGN_STYLE = Automatic;
				CURRENT_PROJECT_VERSION = 1;
				DEVELOPMENT_TEAM = NM26W3U2D9;
				GENERATE_INFOPLIST_FILE = YES;
				INFOPLIST_FILE = AttendlyApp/Info.plist;
				INFOPLIST_KEY_UIApplicationSupportsIndirectInputEvents = YES;
				INFOPLIST_KEY_UILaunchStoryboardName = LaunchScreen;
				INFOPLIST_KEY_UIMainStoryboardFile = Main;
				INFOPLIST_KEY_UISupportedInterfaceOrientations_iPad = "UIInterfaceOrientationPortrait UIInterfaceOrientationPortraitUpsideDown UIInterfaceOrientationLandscapeLeft UIInterfaceOrientationLandscapeRight";
				INFOPLIST_KEY_UISupportedInterfaceOrientations_iPhone = "UIInterfaceOrientationPortrait UIInterfaceOrientationLandscapeLeft UIInterfaceOrientationLandscapeRight";
				LD_RUNPATH_SEARCH_PATHS = (
					"$(inherited)",
					"@executable_path/Frameworks",
				);
				MARKETING_VERSION = 1.0;
				PRODUCT_BUNDLE_IDENTIFIER = shamma.AttendlyApp;
				PRODUCT_NAME = "$(TARGET_NAME)";
				SWIFT_EMIT_LOC_STRINGS = YES;
				SWIFT_VERSION = 5.0;
				TARGETED_DEVICE_FAMILY = "1,2";
			};
			name = Release;
		};
/* End XCBuildConfiguration section */

/* Begin XCConfigurationList section */
		3494581B28CA477C003383CF /* Build configuration list for PBXProject "AttendlyApp" */ = {
			isa = XCConfigurationList;
			buildConfigurations = (
				3494583228CA477D003383CF /* Debug */,
				3494583328CA477D003383CF /* Release */,
			);
			defaultConfigurationIsVisible = 0;
			defaultConfigurationName = Release;
		};
		3494583428CA477D003383CF /* Build configuration list for PBXNativeTarget "AttendlyApp" */ = {
			isa = XCConfigurationList;
			buildConfigurations = (
				3494583528CA477D003383CF /* Debug */,
				3494583628CA477D003383CF /* Release */,
			);
			defaultConfigurationIsVisible = 0;
			defaultConfigurationName = Release;
		};
/* End XCConfigurationList section */
	};
	rootObject = 3494581828CA477C003383CF /* Project object */;
}
